
Microsoft Visual Studio Solution File, Format Version 12.00
# Visual Studio Version 17
VisualStudioVersion = 17.3.32929.385
MinimumVisualStudioVersion = 10.0.40219.1
Project("{FAE04EC0-301F-11D3-BF4B-00C04F79EFBC}") = "dotnet_web_api_base", "dotnet_web_api_base\dotnet_web_api_base.csproj", "{042BD6E1-8DD9-4A23-B8D3-73F021C09279}"
EndProject
Global
	GlobalSection(SolutionConfigurationPlatforms) = preSolution
		Debug|Any CPU = Debug|Any CPU
		Release|Any CPU = Release|Any CPU
	EndGlobalSection
	GlobalSection(ProjectConfigurationPlatforms) = postSolution
		{042BD6E1-8DD9-4A23-B8D3-73F021C09279}.Debug|Any CPU.ActiveCfg = Debug|Any CPU
		{042BD6E1-8DD9-4A23-B8D3-73F021C09279}.Debug|Any CPU.Build.0 = Debug|Any CPU
		{042BD6E1-8DD9-4A23-B8D3-73F021C09279}.Release|Any CPU.ActiveCfg = Release|Any CPU
		{042BD6E1-8DD9-4A23-B8D3-73F021C09279}.Release|Any CPU.Build.0 = Release|Any CPU
	EndGlobalSection
	GlobalSection(SolutionProperties) = preSolution
		HideSolutionNode = FALSE
	EndGlobalSection
	GlobalSection(ExtensibilityGlobals) = postSolution
		SolutionGuid = {30BE22CF-8AAA-4B0B-8928-E9946A251812}
	EndGlobalSection
EndGlobal
